
Microsoft Visual Studio Solution File, Format Version 12.00
# Visual Studio 15
VisualStudioVersion = 15.0.28307.421
MinimumVisualStudioVersion = 10.0.40219.1
Project("{FAE04EC0-301F-11D3-BF4B-00C04F79EFBC}") = "Net4Assembly", "Net4Assembly\Net4Assembly.csproj", "{ABBB122D-F00C-4C5C-95C6-0C69B4218B20}"
EndProject
Project("{FAE04EC0-301F-11D3-BF4B-00C04F79EFBC}") = "Net2Assembly", "Net2Assembly\Net2Assembly.csproj", "{E6986DBC-5120-46F5-A727-7DD6696252ED}"
EndProject
Project("{FAE04EC0-301F-11D3-BF4B-00C04F79EFBC}") = "Net4ToNet2Adapter", "Net4ToNet2Adapter\Net4ToNet2Adapter.csproj", "{93CC5758-239D-4F77-B755-0A9543562CA6}"
EndProject
Project("{FAE04EC0-301F-11D3-BF4B-00C04F79EFBC}") = "Net2Interface", "Net2Interface\Net2Interface.csproj", "{23552E39-A48A-4179-9146-567D5550FE03}"
EndProject
Global
	GlobalSection(SolutionConfigurationPlatforms) = preSolution
		Debug|Any CPU = Debug|Any CPU
		Debug|Mixed Platforms = Debug|Mixed Platforms
		Debug|x86 = Debug|x86
		Release|Any CPU = Release|Any CPU
		Release|Mixed Platforms = Release|Mixed Platforms
		Release|x86 = Release|x86
	EndGlobalSection
	GlobalSection(ProjectConfigurationPlatforms) = postSolution
		{ABBB122D-F00C-4C5C-95C6-0C69B4218B20}.Debug|Any CPU.ActiveCfg = Debug|Any CPU
		{ABBB122D-F00C-4C5C-95C6-0C69B4218B20}.Debug|Any CPU.Build.0 = Debug|Any CPU
		{ABBB122D-F00C-4C5C-95C6-0C69B4218B20}.Debug|Mixed Platforms.ActiveCfg = Debug|Any CPU
		{ABBB122D-F00C-4C5C-95C6-0C69B4218B20}.Debug|Mixed Platforms.Build.0 = Debug|Any CPU
		{ABBB122D-F00C-4C5C-95C6-0C69B4218B20}.Debug|x86.ActiveCfg = Debug|Any CPU
		{ABBB122D-F00C-4C5C-95C6-0C69B4218B20}.Release|Any CPU.ActiveCfg = Release|Any CPU
		{ABBB122D-F00C-4C5C-95C6-0C69B4218B20}.Release|Any CPU.Build.0 = Release|Any CPU
		{ABBB122D-F00C-4C5C-95C6-0C69B4218B20}.Release|Mixed Platforms.ActiveCfg = Release|Any CPU
		{ABBB122D-F00C-4C5C-95C6-0C69B4218B20}.Release|Mixed Platforms.Build.0 = Release|Any CPU
		{ABBB122D-F00C-4C5C-95C6-0C69B4218B20}.Release|x86.ActiveCfg = Release|Any CPU
		{E6986DBC-5120-46F5-A727-7DD6696252ED}.Debug|Any CPU.ActiveCfg = Debug|x86
		{E6986DBC-5120-46F5-A727-7DD6696252ED}.Debug|Mixed Platforms.ActiveCfg = Debug|x86
		{E6986DBC-5120-46F5-A727-7DD6696252ED}.Debug|Mixed Platforms.Build.0 = Debug|x86
		{E6986DBC-5120-46F5-A727-7DD6696252ED}.Debug|x86.ActiveCfg = Debug|x86
		{E6986DBC-5120-46F5-A727-7DD6696252ED}.Debug|x86.Build.0 = Debug|x86
		{E6986DBC-5120-46F5-A727-7DD6696252ED}.Release|Any CPU.ActiveCfg = Release|x86
		{E6986DBC-5120-46F5-A727-7DD6696252ED}.Release|Mixed Platforms.ActiveCfg = Release|x86
		{E6986DBC-5120-46F5-A727-7DD6696252ED}.Release|Mixed Platforms.Build.0 = Release|x86
		{E6986DBC-5120-46F5-A727-7DD6696252ED}.Release|x86.ActiveCfg = Release|x86
		{E6986DBC-5120-46F5-A727-7DD6696252ED}.Release|x86.Build.0 = Release|x86
		{93CC5758-239D-4F77-B755-0A9543562CA6}.Debug|Any CPU.ActiveCfg = Debug|Any CPU
		{93CC5758-239D-4F77-B755-0A9543562CA6}.Debug|Any CPU.Build.0 = Debug|Any CPU
		{93CC5758-239D-4F77-B755-0A9543562CA6}.Debug|Mixed Platforms.ActiveCfg = Debug|Any CPU
		{93CC5758-239D-4F77-B755-0A9543562CA6}.Debug|Mixed Platforms.Build.0 = Debug|Any CPU
		{93CC5758-239D-4F77-B755-0A9543562CA6}.Debug|x86.ActiveCfg = Debug|Any CPU
		{93CC5758-239D-4F77-B755-0A9543562CA6}.Release|Any CPU.ActiveCfg = Release|Any CPU
		{93CC5758-239D-4F77-B755-0A9543562CA6}.Release|Any CPU.Build.0 = Release|Any CPU
		{93CC5758-239D-4F77-B755-0A9543562CA6}.Release|Mixed Platforms.ActiveCfg = Release|Any CPU
		{93CC5758-239D-4F77-B755-0A9543562CA6}.Release|Mixed Platforms.Build.0 = Release|Any CPU
		{93CC5758-239D-4F77-B755-0A9543562CA6}.Release|x86.ActiveCfg = Release|Any CPU
		{23552E39-A48A-4179-9146-567D5550FE03}.Debug|Any CPU.ActiveCfg = Debug|Any CPU
		{23552E39-A48A-4179-9146-567D5550FE03}.Debug|Any CPU.Build.0 = Debug|Any CPU
		{23552E39-A48A-4179-9146-567D5550FE03}.Debug|Mixed Platforms.ActiveCfg = Debug|Any CPU
		{23552E39-A48A-4179-9146-567D5550FE03}.Debug|Mixed Platforms.Build.0 = Debug|Any CPU
		{23552E39-A48A-4179-9146-567D5550FE03}.Debug|x86.ActiveCfg = Debug|Any CPU
		{23552E39-A48A-4179-9146-567D5550FE03}.Debug|x86.Build.0 = Debug|Any CPU
		{23552E39-A48A-4179-9146-567D5550FE03}.Release|Any CPU.ActiveCfg = Release|Any CPU
		{23552E39-A48A-4179-9146-567D5550FE03}.Release|Any CPU.Build.0 = Release|Any CPU
		{23552E39-A48A-4179-9146-567D5550FE03}.Release|Mixed Platforms.ActiveCfg = Release|Any CPU
		{23552E39-A48A-4179-9146-567D5550FE03}.Release|Mixed Platforms.Build.0 = Release|Any CPU
		{23552E39-A48A-4179-9146-567D5550FE03}.Release|x86.ActiveCfg = Release|Any CPU
		{23552E39-A48A-4179-9146-567D5550FE03}.Release|x86.Build.0 = Release|Any CPU
	EndGlobalSection
	GlobalSection(SolutionProperties) = preSolution
		HideSolutionNode = FALSE
	EndGlobalSection
	GlobalSection(ExtensibilityGlobals) = postSolution
		SolutionGuid = {4D2A4BB6-1793-4729-88D6-871334B38FC0}
	EndGlobalSection
EndGlobal
