
Microsoft Visual Studio Solution File, Format Version 12.00
# Visual Studio Version 16
VisualStudioVersion = 16.0.31313.79
MinimumVisualStudioVersion = 10.0.40219.1
Project("{FAE04EC0-301F-11D3-BF4B-00C04F79EFBC}") = "HelloWorldWebApi", "HelloWorldWebApi\HelloWorldWebApi.csproj", "{C86D288D-1B20-4106-AAAF-EA80EBAD5CBA}"
EndProject
Global
	GlobalSection(SolutionConfigurationPlatforms) = preSolution
		Debug|Any CPU = Debug|Any CPU
		Release|Any CPU = Release|Any CPU
	EndGlobalSection
	GlobalSection(ProjectConfigurationPlatforms) = postSolution
		{C86D288D-1B20-4106-AAAF-EA80EBAD5CBA}.Debug|Any CPU.ActiveCfg = Debug|Any CPU
		{C86D288D-1B20-4106-AAAF-EA80EBAD5CBA}.Debug|Any CPU.Build.0 = Debug|Any CPU
		{C86D288D-1B20-4106-AAAF-EA80EBAD5CBA}.Release|Any CPU.ActiveCfg = Release|Any CPU
		{C86D288D-1B20-4106-AAAF-EA80EBAD5CBA}.Release|Any CPU.Build.0 = Release|Any CPU
	EndGlobalSection
	GlobalSection(SolutionProperties) = preSolution
		HideSolutionNode = FALSE
	EndGlobalSection
	GlobalSection(ExtensibilityGlobals) = postSolution
		SolutionGuid = {6DF3EDD6-8936-45BF-922A-388654E1BA9E}
	EndGlobalSection
EndGlobal
